<Solution>
  <Folder Name="/ExercicioEstruturaFor/">
    <Project Path="ExercicioFor01/ExercicioFor01.csproj" Id="de9841c3-684b-46d4-a412-1a2051dee523" />
    <Project Path="ExercicioFor03/ExercicioFor03.csproj" Id="5aa29e15-eb57-4b17-b0ab-d433bdbef45b" />
    <Project Path="ExercicioFor04/ExercicioFor04.csproj" Id="ddb508dc-46ee-4acf-b843-8e140234214a" />
    <Project Path="ExercicioFor05/ExercicioFor05.csproj" Id="2d973e4b-373f-4f79-a9c9-85af7a66b986" />
    <Project Path="ExercicioFor06/ExercicioFor06.csproj" Id="a87b6dc7-4091-4c52-a479-eb5bbda518d3" />
    <Project Path="ExercicioFor07/ExercicioFor07.csproj" Id="5f8dc3cf-742c-4416-990c-ca314f183f16" />
  </Folder>
  <Folder Name="/ExerciciosEstruturaCondicional/">
    <Project Path="ExercicioCondicional01/ExercicioCondicional01.csproj" Id="46418499-4310-468d-872a-7dae1e5c5dc0" />
    <Project Path="ExercicioCondicional02/ExercicioCondicional02.csproj" Id="f278aac7-f6a7-456f-8f7f-4d8e1a718829" />
    <Project Path="ExercicioCondicional03/ExercicioCondicional03.csproj" Id="ad0ae296-49ab-4ecb-8833-8c0fc06e241c" />
    <Project Path="ExercicioCondicional04/ExercicioCondicional04.csproj" Id="5d0ce37d-d280-4173-916f-0208d4ddc168" />
    <Project Path="ExercicioCondicional06/ExercicioCondicional06.csproj" Id="27ed5dbb-1b53-4adf-86b4-b2cc55c47793" />
    <Project Path="ExercicioCondicional07/ExercicioCondicional07.csproj" Id="acb1fe80-fda1-4ec1-96e0-459f7910df2c" />
    <Project Path="ExercicioCondicional08/ExercicioCondicional08.csproj" Id="25cc2abf-bddc-40f1-8138-49f1151edf9e" />
  </Folder>
  <Folder Name="/ExerciciosEstruturaSequencial/">
    <Project Path="Exercicio01/Exercicio01.csproj" Id="7d5e7e25-86ae-448d-aaa9-292c67e18d6a" />
    <Project Path="Exercicio02/Exercicio03.csproj" Id="85ea3c51-eefa-46ea-b1ff-98510b3108db" />
    <Project Path="Exercicio04/Exercicio04.csproj" Id="5b5d1993-2461-4c45-ba28-b6fe0d3dd808" />
    <Project Path="Exercicio05/Exercicio05.csproj" Id="aca2ac53-d936-4f80-ae5a-edb7cd4c6480" />
  </Folder>
  <Folder Name="/ExerciciosEstruturaWhile/">
    <Project Path="ExercicioWhileDois/ExercicioWhileDois.csproj" Id="7b5cc6d1-e9e1-40e6-8e63-e91c41cd5fee" />
    <Project Path="ExercicioWhileTres/ExercicioWhileTres.csproj" Id="4b368a32-f13b-4f86-be90-53004224eac8" />
  </Folder>
  <Folder Name="/ExerciciosSecao04/">
    <Project Path="ExercicioFixacaoMembrosEstaticos/ExercicioFixacaoMembrosEstaticos.csproj" Id="91cb474e-3b10-4278-a5b1-207b3dbbedb0" />
    <Project Path="PrimeiroExercicioSecao04/PrimeiroExercicioSecao04.csproj" Id="9946435d-07f4-48fd-a3f0-e65398413468" />
    <Project Path="SegundoExercicioSecao04/SegundoExercicioSecao04.csproj" Id="76a6f119-0ca2-4cc0-bb6d-828ad6bc2f3b" />
  </Folder>
  <Folder Name="/ExerciciosSecao04/ClassesAtributosMetodosEstaticos/">
    <Project Path="ExercicioDoisSec04/ExercicioDoisSec04.csproj" Id="3009fbe0-396c-4645-a767-069300dd1be4" />
    <Project Path="ExercicioTresSec04/ExercicioTresSec04.csproj" Id="7c10c392-554a-49c1-a399-1ac95a589a3d" />
    <Project Path="ExercicioUmSec04/ExercicioUmSec04.csproj" Id="691834e1-dd14-4235-bc77-96e5ab01105a" />
  </Folder>
  <Folder Name="/ProvaDeLogica/">
    <Project Path="Exercicio1.1/Exercicio1_1.csproj" />
    <Project Path="Exercicio1.2/Exercicio1_2.csproj" />
    <Project Path="Exercicio2.1/Exercicio2_1.csproj" />
    <Project Path="Exercicio2.2/Exercicio2.2.csproj" />
    <Project Path="Exercicio3.1/Exercicio3_1.csproj" />
    <Project Path="Exercicio3.2/Exercicio3_2.csproj" Id="ae7b2c1e-de60-4e48-a0f9-3455ffe7b570" />
  </Folder>
  <Project Path="CursoDeCSharp.Teste/CursoDeCSharp.Teste.csproj" Id="af9c096a-eb2f-4a52-9499-474ff1c07bab" />
</Solution>
